{
  "name": "backend_aula",
  "lockfileVersion": 2,
  "requires": true,
  "packages": {
    "": {
      "dependencies": {
        "intellisense": "^0.0.1"
      }
    },
    "node_modules/intellisense": {
      "version": "0.0.1",
      "resolved": "https://registry.npmjs.org/intellisense/-/intellisense-0.0.1.tgz",
      "integrity": "sha512-R2+QJBd1JEBVnj78Sq3knKvLMWpEgFoMfg4OhPKRuWmZuwyToOhq5RUOUPxu9kt1LeNeEabGa6hQgOwCjshOgg=="
    }
  },
  "dependencies": {
    "intellisense": {
      "version": "0.0.1",
      "resolved": "https://registry.npmjs.org/intellisense/-/intellisense-0.0.1.tgz",
      "integrity": "sha512-R2+QJBd1JEBVnj78Sq3knKvLMWpEgFoMfg4OhPKRuWmZuwyToOhq5RUOUPxu9kt1LeNeEabGa6hQgOwCjshOgg=="
    }
  }
}
